
Microsoft Visual Studio Solution File, Format Version 12.00
# Visual Studio 2013
VisualStudioVersion = 12.0.30723.0
MinimumVisualStudioVersion = 10.0.40219.1
Project("{FAE04EC0-301F-11D3-BF4B-00C04F79EFBC}") = "DiceThrower1000", "DiceThrower1000\DiceThrower1000.csproj", "{316B57C0-10AC-460F-A441-74B7F47413DB}"
EndProject
Global
	GlobalSection(SolutionConfigurationPlatforms) = preSolution
		Debug|Any CPU = Debug|Any CPU
		Release|Any CPU = Release|Any CPU
	EndGlobalSection
	GlobalSection(ProjectConfigurationPlatforms) = postSolution
		{316B57C0-10AC-460F-A441-74B7F47413DB}.Debug|Any CPU.ActiveCfg = Debug|Any CPU
		{316B57C0-10AC-460F-A441-74B7F47413DB}.Debug|Any CPU.Build.0 = Debug|Any CPU
		{316B57C0-10AC-460F-A441-74B7F47413DB}.Release|Any CPU.ActiveCfg = Release|Any CPU
		{316B57C0-10AC-460F-A441-74B7F47413DB}.Release|Any CPU.Build.0 = Release|Any CPU
	EndGlobalSection
	GlobalSection(SolutionProperties) = preSolution
		HideSolutionNode = FALSE
	EndGlobalSection
EndGlobal
